
Microsoft Visual Studio Solution File, Format Version 12.00
# Visual Studio Version 17
VisualStudioVersion = 17.3.32922.545
MinimumVisualStudioVersion = 10.0.40219.1
Project("{FAE04EC0-301F-11D3-BF4B-00C04F79EFBC}") = "ArraySample2", "ArraySample2\ArraySample2.csproj", "{615B30C2-ACB8-45E3-BDDB-23D2B94D2201}"
EndProject
Global
	GlobalSection(SolutionConfigurationPlatforms) = preSolution
		Debug|Any CPU = Debug|Any CPU
		Release|Any CPU = Release|Any CPU
	EndGlobalSection
	GlobalSection(ProjectConfigurationPlatforms) = postSolution
		{615B30C2-ACB8-45E3-BDDB-23D2B94D2201}.Debug|Any CPU.ActiveCfg = Debug|Any CPU
		{615B30C2-ACB8-45E3-BDDB-23D2B94D2201}.Debug|Any CPU.Build.0 = Debug|Any CPU
		{615B30C2-ACB8-45E3-BDDB-23D2B94D2201}.Release|Any CPU.ActiveCfg = Release|Any CPU
		{615B30C2-ACB8-45E3-BDDB-23D2B94D2201}.Release|Any CPU.Build.0 = Release|Any CPU
	EndGlobalSection
	GlobalSection(SolutionProperties) = preSolution
		HideSolutionNode = FALSE
	EndGlobalSection
	GlobalSection(ExtensibilityGlobals) = postSolution
		SolutionGuid = {A5ABD3B4-9DD5-4285-9463-DA1D14C38727}
	EndGlobalSection
EndGlobal
