
Microsoft Visual Studio Solution File, Format Version 12.00
# Visual Studio Version 17
VisualStudioVersion = 17.3.32922.545
MinimumVisualStudioVersion = 10.0.40219.1
Project("{FAE04EC0-301F-11D3-BF4B-00C04F79EFBC}") = "ReadonlyStruct", "ReadonlyStruct\ReadonlyStruct.csproj", "{19D0D5FF-0978-4D09-9D27-CE6D4B2DDB59}"
EndProject
Global
	GlobalSection(SolutionConfigurationPlatforms) = preSolution
		Debug|Any CPU = Debug|Any CPU
		Release|Any CPU = Release|Any CPU
	EndGlobalSection
	GlobalSection(ProjectConfigurationPlatforms) = postSolution
		{19D0D5FF-0978-4D09-9D27-CE6D4B2DDB59}.Debug|Any CPU.ActiveCfg = Debug|Any CPU
		{19D0D5FF-0978-4D09-9D27-CE6D4B2DDB59}.Debug|Any CPU.Build.0 = Debug|Any CPU
		{19D0D5FF-0978-4D09-9D27-CE6D4B2DDB59}.Release|Any CPU.ActiveCfg = Release|Any CPU
		{19D0D5FF-0978-4D09-9D27-CE6D4B2DDB59}.Release|Any CPU.Build.0 = Release|Any CPU
	EndGlobalSection
	GlobalSection(SolutionProperties) = preSolution
		HideSolutionNode = FALSE
	EndGlobalSection
	GlobalSection(ExtensibilityGlobals) = postSolution
		SolutionGuid = {F6468E46-2E3A-4787-83F6-A69D298BBA4C}
	EndGlobalSection
EndGlobal
