
Microsoft Visual Studio Solution File, Format Version 12.00
# Visual Studio Version 17
VisualStudioVersion = 17.3.32922.545
MinimumVisualStudioVersion = 10.0.40219.1
Project("{FAE04EC0-301F-11D3-BF4B-00C04F79EFBC}") = "DoWhile", "DoWhile\DoWhile.csproj", "{4D1F79BD-12AA-4185-9697-A82C15FA0BEF}"
EndProject
Global
	GlobalSection(SolutionConfigurationPlatforms) = preSolution
		Debug|Any CPU = Debug|Any CPU
		Release|Any CPU = Release|Any CPU
	EndGlobalSection
	GlobalSection(ProjectConfigurationPlatforms) = postSolution
		{4D1F79BD-12AA-4185-9697-A82C15FA0BEF}.Debug|Any CPU.ActiveCfg = Debug|Any CPU
		{4D1F79BD-12AA-4185-9697-A82C15FA0BEF}.Debug|Any CPU.Build.0 = Debug|Any CPU
		{4D1F79BD-12AA-4185-9697-A82C15FA0BEF}.Release|Any CPU.ActiveCfg = Release|Any CPU
		{4D1F79BD-12AA-4185-9697-A82C15FA0BEF}.Release|Any CPU.Build.0 = Release|Any CPU
	EndGlobalSection
	GlobalSection(SolutionProperties) = preSolution
		HideSolutionNode = FALSE
	EndGlobalSection
	GlobalSection(ExtensibilityGlobals) = postSolution
		SolutionGuid = {CB05860F-9CC5-40EF-A168-4ACCE4D7B005}
	EndGlobalSection
EndGlobal
