
Microsoft Visual Studio Solution File, Format Version 12.00
# Visual Studio Version 17
VisualStudioVersion = 17.3.32922.545
MinimumVisualStudioVersion = 10.0.40219.1
Project("{FAE04EC0-301F-11D3-BF4B-00C04F79EFBC}") = "Inheritance", "Inheritance\Inheritance.csproj", "{77880B7A-0E17-47D1-A3E3-6DAEAC3B433D}"
EndProject
Global
	GlobalSection(SolutionConfigurationPlatforms) = preSolution
		Debug|Any CPU = Debug|Any CPU
		Release|Any CPU = Release|Any CPU
	EndGlobalSection
	GlobalSection(ProjectConfigurationPlatforms) = postSolution
		{77880B7A-0E17-47D1-A3E3-6DAEAC3B433D}.Debug|Any CPU.ActiveCfg = Debug|Any CPU
		{77880B7A-0E17-47D1-A3E3-6DAEAC3B433D}.Debug|Any CPU.Build.0 = Debug|Any CPU
		{77880B7A-0E17-47D1-A3E3-6DAEAC3B433D}.Release|Any CPU.ActiveCfg = Release|Any CPU
		{77880B7A-0E17-47D1-A3E3-6DAEAC3B433D}.Release|Any CPU.Build.0 = Release|Any CPU
	EndGlobalSection
	GlobalSection(SolutionProperties) = preSolution
		HideSolutionNode = FALSE
	EndGlobalSection
	GlobalSection(ExtensibilityGlobals) = postSolution
		SolutionGuid = {20D2381A-629D-402F-9797-D979A31469E6}
	EndGlobalSection
EndGlobal
