
Microsoft Visual Studio Solution File, Format Version 12.00
# Visual Studio Version 17
VisualStudioVersion = 17.3.32922.545
MinimumVisualStudioVersion = 10.0.40219.1
Project("{FAE04EC0-301F-11D3-BF4B-00C04F79EFBC}") = "FileUpload", "FileUpload\FileUpload.csproj", "{73F52488-66F8-48DE-BBEE-428A6386E7C4}"
EndProject
Global
	GlobalSection(SolutionConfigurationPlatforms) = preSolution
		Debug|Any CPU = Debug|Any CPU
		Release|Any CPU = Release|Any CPU
	EndGlobalSection
	GlobalSection(ProjectConfigurationPlatforms) = postSolution
		{73F52488-66F8-48DE-BBEE-428A6386E7C4}.Debug|Any CPU.ActiveCfg = Debug|Any CPU
		{73F52488-66F8-48DE-BBEE-428A6386E7C4}.Debug|Any CPU.Build.0 = Debug|Any CPU
		{73F52488-66F8-48DE-BBEE-428A6386E7C4}.Release|Any CPU.ActiveCfg = Release|Any CPU
		{73F52488-66F8-48DE-BBEE-428A6386E7C4}.Release|Any CPU.Build.0 = Release|Any CPU
	EndGlobalSection
	GlobalSection(SolutionProperties) = preSolution
		HideSolutionNode = FALSE
	EndGlobalSection
	GlobalSection(ExtensibilityGlobals) = postSolution
		SolutionGuid = {D28764B6-CB71-465F-AA4C-5192306D8E00}
	EndGlobalSection
EndGlobal
