
Microsoft Visual Studio Solution File, Format Version 12.00
# Visual Studio Version 17
VisualStudioVersion = 17.3.32922.545
MinimumVisualStudioVersion = 10.0.40219.1
Project("{FAE04EC0-301F-11D3-BF4B-00C04F79EFBC}") = "SignedUnsignedConversion", "SignedUnsignedConversion\SignedUnsignedConversion.csproj", "{7638DEB3-A664-4203-AFD4-FCBAC2E6932B}"
EndProject
Global
	GlobalSection(SolutionConfigurationPlatforms) = preSolution
		Debug|Any CPU = Debug|Any CPU
		Release|Any CPU = Release|Any CPU
	EndGlobalSection
	GlobalSection(ProjectConfigurationPlatforms) = postSolution
		{7638DEB3-A664-4203-AFD4-FCBAC2E6932B}.Debug|Any CPU.ActiveCfg = Debug|Any CPU
		{7638DEB3-A664-4203-AFD4-FCBAC2E6932B}.Debug|Any CPU.Build.0 = Debug|Any CPU
		{7638DEB3-A664-4203-AFD4-FCBAC2E6932B}.Release|Any CPU.ActiveCfg = Release|Any CPU
		{7638DEB3-A664-4203-AFD4-FCBAC2E6932B}.Release|Any CPU.Build.0 = Release|Any CPU
	EndGlobalSection
	GlobalSection(SolutionProperties) = preSolution
		HideSolutionNode = FALSE
	EndGlobalSection
	GlobalSection(ExtensibilityGlobals) = postSolution
		SolutionGuid = {DF4838CA-02E8-4626-AEE4-FBB95C98F3C5}
	EndGlobalSection
EndGlobal
