
Microsoft Visual Studio Solution File, Format Version 12.00
# Visual Studio Version 17
VisualStudioVersion = 17.3.32922.545
MinimumVisualStudioVersion = 10.0.40219.1
Project("{FAE04EC0-301F-11D3-BF4B-00C04F79EFBC}") = "LocalFunction", "LocalFunction\LocalFunction.csproj", "{C08D7C5B-111C-4450-890F-E6D77AEE64C7}"
EndProject
Global
	GlobalSection(SolutionConfigurationPlatforms) = preSolution
		Debug|Any CPU = Debug|Any CPU
		Release|Any CPU = Release|Any CPU
	EndGlobalSection
	GlobalSection(ProjectConfigurationPlatforms) = postSolution
		{C08D7C5B-111C-4450-890F-E6D77AEE64C7}.Debug|Any CPU.ActiveCfg = Debug|Any CPU
		{C08D7C5B-111C-4450-890F-E6D77AEE64C7}.Debug|Any CPU.Build.0 = Debug|Any CPU
		{C08D7C5B-111C-4450-890F-E6D77AEE64C7}.Release|Any CPU.ActiveCfg = Release|Any CPU
		{C08D7C5B-111C-4450-890F-E6D77AEE64C7}.Release|Any CPU.Build.0 = Release|Any CPU
	EndGlobalSection
	GlobalSection(SolutionProperties) = preSolution
		HideSolutionNode = FALSE
	EndGlobalSection
	GlobalSection(ExtensibilityGlobals) = postSolution
		SolutionGuid = {538268E0-A52A-4723-8D14-ECAF58D1B842}
	EndGlobalSection
EndGlobal
