
Microsoft Visual Studio Solution File, Format Version 12.00
# Visual Studio Version 17
VisualStudioVersion = 17.3.32922.545
MinimumVisualStudioVersion = 10.0.40219.1
Project("{FAE04EC0-301F-11D3-BF4B-00C04F79EFBC}") = "ShiftOperator", "ShiftOperator\ShiftOperator.csproj", "{2C90A6A9-52F5-48CA-A229-E2037E25A6A5}"
EndProject
Global
	GlobalSection(SolutionConfigurationPlatforms) = preSolution
		Debug|Any CPU = Debug|Any CPU
		Release|Any CPU = Release|Any CPU
	EndGlobalSection
	GlobalSection(ProjectConfigurationPlatforms) = postSolution
		{2C90A6A9-52F5-48CA-A229-E2037E25A6A5}.Debug|Any CPU.ActiveCfg = Debug|Any CPU
		{2C90A6A9-52F5-48CA-A229-E2037E25A6A5}.Debug|Any CPU.Build.0 = Debug|Any CPU
		{2C90A6A9-52F5-48CA-A229-E2037E25A6A5}.Release|Any CPU.ActiveCfg = Release|Any CPU
		{2C90A6A9-52F5-48CA-A229-E2037E25A6A5}.Release|Any CPU.Build.0 = Release|Any CPU
	EndGlobalSection
	GlobalSection(SolutionProperties) = preSolution
		HideSolutionNode = FALSE
	EndGlobalSection
	GlobalSection(ExtensibilityGlobals) = postSolution
		SolutionGuid = {B8E4570F-D511-430F-82A8-6FBEF5AAEB4A}
	EndGlobalSection
EndGlobal
