
Microsoft Visual Studio Solution File, Format Version 12.00
# Visual Studio Version 17
VisualStudioVersion = 17.3.32922.545
MinimumVisualStudioVersion = 10.0.40219.1
Project("{FAE04EC0-301F-11D3-BF4B-00C04F79EFBC}") = "exer1", "exer1\exer1.csproj", "{B2BF76BB-E627-4D4F-88CA-2C824D77F991}"
EndProject
Global
	GlobalSection(SolutionConfigurationPlatforms) = preSolution
		Debug|Any CPU = Debug|Any CPU
		Release|Any CPU = Release|Any CPU
	EndGlobalSection
	GlobalSection(ProjectConfigurationPlatforms) = postSolution
		{B2BF76BB-E627-4D4F-88CA-2C824D77F991}.Debug|Any CPU.ActiveCfg = Debug|Any CPU
		{B2BF76BB-E627-4D4F-88CA-2C824D77F991}.Debug|Any CPU.Build.0 = Debug|Any CPU
		{B2BF76BB-E627-4D4F-88CA-2C824D77F991}.Release|Any CPU.ActiveCfg = Release|Any CPU
		{B2BF76BB-E627-4D4F-88CA-2C824D77F991}.Release|Any CPU.Build.0 = Release|Any CPU
	EndGlobalSection
	GlobalSection(SolutionProperties) = preSolution
		HideSolutionNode = FALSE
	EndGlobalSection
	GlobalSection(ExtensibilityGlobals) = postSolution
		SolutionGuid = {BF01375F-2B4A-441B-9AA1-1E7D2193D8AC}
	EndGlobalSection
EndGlobal
