
Microsoft Visual Studio Solution File, Format Version 12.00
# Visual Studio Version 17
VisualStudioVersion = 17.3.32922.545
MinimumVisualStudioVersion = 10.0.40219.1
Project("{FAE04EC0-301F-11D3-BF4B-00C04F79EFBC}") = "LogicalOperator", "LogicalOperator\LogicalOperator.csproj", "{1B31E84E-91F1-4980-B1B5-F1A41E7A740C}"
EndProject
Global
	GlobalSection(SolutionConfigurationPlatforms) = preSolution
		Debug|Any CPU = Debug|Any CPU
		Release|Any CPU = Release|Any CPU
	EndGlobalSection
	GlobalSection(ProjectConfigurationPlatforms) = postSolution
		{1B31E84E-91F1-4980-B1B5-F1A41E7A740C}.Debug|Any CPU.ActiveCfg = Debug|Any CPU
		{1B31E84E-91F1-4980-B1B5-F1A41E7A740C}.Debug|Any CPU.Build.0 = Debug|Any CPU
		{1B31E84E-91F1-4980-B1B5-F1A41E7A740C}.Release|Any CPU.ActiveCfg = Release|Any CPU
		{1B31E84E-91F1-4980-B1B5-F1A41E7A740C}.Release|Any CPU.Build.0 = Release|Any CPU
	EndGlobalSection
	GlobalSection(SolutionProperties) = preSolution
		HideSolutionNode = FALSE
	EndGlobalSection
	GlobalSection(ExtensibilityGlobals) = postSolution
		SolutionGuid = {D35AAE77-674B-4B90-88E1-0AC63E0BCC7A}
	EndGlobalSection
EndGlobal
