
Microsoft Visual Studio Solution File, Format Version 12.00
# Visual Studio Version 17
VisualStudioVersion = 17.3.32922.545
MinimumVisualStudioVersion = 10.0.40219.1
Project("{FAE04EC0-301F-11D3-BF4B-00C04F79EFBC}") = "StringConcatenate", "StringConcatenate\StringConcatenate.csproj", "{52161F09-3029-472B-B86B-99117A18020A}"
EndProject
Global
	GlobalSection(SolutionConfigurationPlatforms) = preSolution
		Debug|Any CPU = Debug|Any CPU
		Release|Any CPU = Release|Any CPU
	EndGlobalSection
	GlobalSection(ProjectConfigurationPlatforms) = postSolution
		{52161F09-3029-472B-B86B-99117A18020A}.Debug|Any CPU.ActiveCfg = Debug|Any CPU
		{52161F09-3029-472B-B86B-99117A18020A}.Debug|Any CPU.Build.0 = Debug|Any CPU
		{52161F09-3029-472B-B86B-99117A18020A}.Release|Any CPU.ActiveCfg = Release|Any CPU
		{52161F09-3029-472B-B86B-99117A18020A}.Release|Any CPU.Build.0 = Release|Any CPU
	EndGlobalSection
	GlobalSection(SolutionProperties) = preSolution
		HideSolutionNode = FALSE
	EndGlobalSection
	GlobalSection(ExtensibilityGlobals) = postSolution
		SolutionGuid = {5E81933D-F1C0-4D90-B301-C42F9C98FCF3}
	EndGlobalSection
EndGlobal
