
Microsoft Visual Studio Solution File, Format Version 12.00
# Visual Studio Version 17
VisualStudioVersion = 17.3.32922.545
MinimumVisualStudioVersion = 10.0.40219.1
Project("{FAE04EC0-301F-11D3-BF4B-00C04F79EFBC}") = "Exer5", "Exer5\Exer5.csproj", "{106DFF3A-FFE8-44FB-A504-F48E2FA5F738}"
EndProject
Global
	GlobalSection(SolutionConfigurationPlatforms) = preSolution
		Debug|Any CPU = Debug|Any CPU
		Release|Any CPU = Release|Any CPU
	EndGlobalSection
	GlobalSection(ProjectConfigurationPlatforms) = postSolution
		{106DFF3A-FFE8-44FB-A504-F48E2FA5F738}.Debug|Any CPU.ActiveCfg = Debug|Any CPU
		{106DFF3A-FFE8-44FB-A504-F48E2FA5F738}.Debug|Any CPU.Build.0 = Debug|Any CPU
		{106DFF3A-FFE8-44FB-A504-F48E2FA5F738}.Release|Any CPU.ActiveCfg = Release|Any CPU
		{106DFF3A-FFE8-44FB-A504-F48E2FA5F738}.Release|Any CPU.Build.0 = Release|Any CPU
	EndGlobalSection
	GlobalSection(SolutionProperties) = preSolution
		HideSolutionNode = FALSE
	EndGlobalSection
	GlobalSection(ExtensibilityGlobals) = postSolution
		SolutionGuid = {378134BA-B8A7-4C59-9719-E0AEF3F5FEF7}
	EndGlobalSection
EndGlobal
