
Microsoft Visual Studio Solution File, Format Version 12.00
# Visual Studio Version 17
VisualStudioVersion = 17.3.32922.545
MinimumVisualStudioVersion = 10.0.40219.1
Project("{FAE04EC0-301F-11D3-BF4B-00C04F79EFBC}") = "Exer3", "Exer3\Exer3.csproj", "{F8BC685F-91E7-4474-B3C6-7942827798D3}"
EndProject
Global
	GlobalSection(SolutionConfigurationPlatforms) = preSolution
		Debug|Any CPU = Debug|Any CPU
		Release|Any CPU = Release|Any CPU
	EndGlobalSection
	GlobalSection(ProjectConfigurationPlatforms) = postSolution
		{F8BC685F-91E7-4474-B3C6-7942827798D3}.Debug|Any CPU.ActiveCfg = Debug|Any CPU
		{F8BC685F-91E7-4474-B3C6-7942827798D3}.Debug|Any CPU.Build.0 = Debug|Any CPU
		{F8BC685F-91E7-4474-B3C6-7942827798D3}.Release|Any CPU.ActiveCfg = Release|Any CPU
		{F8BC685F-91E7-4474-B3C6-7942827798D3}.Release|Any CPU.Build.0 = Release|Any CPU
	EndGlobalSection
	GlobalSection(SolutionProperties) = preSolution
		HideSolutionNode = FALSE
	EndGlobalSection
	GlobalSection(ExtensibilityGlobals) = postSolution
		SolutionGuid = {FD2155BC-078A-4500-B609-69868D426EF5}
	EndGlobalSection
EndGlobal
