
Microsoft Visual Studio Solution File, Format Version 12.00
# Visual Studio Version 17
VisualStudioVersion = 17.3.32922.545
MinimumVisualStudioVersion = 10.0.40219.1
Project("{FAE04EC0-301F-11D3-BF4B-00C04F79EFBC}") = "IncDecOperator", "IncDecOperator\IncDecOperator.csproj", "{4C97908E-652C-40A1-A9FF-E0DD0600078E}"
EndProject
Global
	GlobalSection(SolutionConfigurationPlatforms) = preSolution
		Debug|Any CPU = Debug|Any CPU
		Release|Any CPU = Release|Any CPU
	EndGlobalSection
	GlobalSection(ProjectConfigurationPlatforms) = postSolution
		{4C97908E-652C-40A1-A9FF-E0DD0600078E}.Debug|Any CPU.ActiveCfg = Debug|Any CPU
		{4C97908E-652C-40A1-A9FF-E0DD0600078E}.Debug|Any CPU.Build.0 = Debug|Any CPU
		{4C97908E-652C-40A1-A9FF-E0DD0600078E}.Release|Any CPU.ActiveCfg = Release|Any CPU
		{4C97908E-652C-40A1-A9FF-E0DD0600078E}.Release|Any CPU.Build.0 = Release|Any CPU
	EndGlobalSection
	GlobalSection(SolutionProperties) = preSolution
		HideSolutionNode = FALSE
	EndGlobalSection
	GlobalSection(ExtensibilityGlobals) = postSolution
		SolutionGuid = {29774EE1-7113-47BE-9193-5779C75FE4E3}
	EndGlobalSection
EndGlobal
