
Microsoft Visual Studio Solution File, Format Version 12.00
# Visual Studio Version 17
VisualStudioVersion = 17.3.32922.545
MinimumVisualStudioVersion = 10.0.40219.1
Project("{FAE04EC0-301F-11D3-BF4B-00C04F79EFBC}") = "SwitchExp", "SwitchExp\SwitchExp.csproj", "{EE97DBE4-0862-4985-BCF6-DFDC529D4BCD}"
EndProject
Global
	GlobalSection(SolutionConfigurationPlatforms) = preSolution
		Debug|Any CPU = Debug|Any CPU
		Release|Any CPU = Release|Any CPU
	EndGlobalSection
	GlobalSection(ProjectConfigurationPlatforms) = postSolution
		{EE97DBE4-0862-4985-BCF6-DFDC529D4BCD}.Debug|Any CPU.ActiveCfg = Debug|Any CPU
		{EE97DBE4-0862-4985-BCF6-DFDC529D4BCD}.Debug|Any CPU.Build.0 = Debug|Any CPU
		{EE97DBE4-0862-4985-BCF6-DFDC529D4BCD}.Release|Any CPU.ActiveCfg = Release|Any CPU
		{EE97DBE4-0862-4985-BCF6-DFDC529D4BCD}.Release|Any CPU.Build.0 = Release|Any CPU
	EndGlobalSection
	GlobalSection(SolutionProperties) = preSolution
		HideSolutionNode = FALSE
	EndGlobalSection
	GlobalSection(ExtensibilityGlobals) = postSolution
		SolutionGuid = {248701C1-0DD7-4598-926F-0DCE13476A41}
	EndGlobalSection
EndGlobal
