
Microsoft Visual Studio Solution File, Format Version 12.00
# Visual Studio Version 17
VisualStudioVersion = 17.3.32922.545
MinimumVisualStudioVersion = 10.0.40219.1
Project("{FAE04EC0-301F-11D3-BF4B-00C04F79EFBC}") = "RecordComp", "RecordComp\RecordComp.csproj", "{BFB8A0DB-D9C7-4485-BF85-0844E1E780C0}"
EndProject
Global
	GlobalSection(SolutionConfigurationPlatforms) = preSolution
		Debug|Any CPU = Debug|Any CPU
		Release|Any CPU = Release|Any CPU
	EndGlobalSection
	GlobalSection(ProjectConfigurationPlatforms) = postSolution
		{BFB8A0DB-D9C7-4485-BF85-0844E1E780C0}.Debug|Any CPU.ActiveCfg = Debug|Any CPU
		{BFB8A0DB-D9C7-4485-BF85-0844E1E780C0}.Debug|Any CPU.Build.0 = Debug|Any CPU
		{BFB8A0DB-D9C7-4485-BF85-0844E1E780C0}.Release|Any CPU.ActiveCfg = Release|Any CPU
		{BFB8A0DB-D9C7-4485-BF85-0844E1E780C0}.Release|Any CPU.Build.0 = Release|Any CPU
	EndGlobalSection
	GlobalSection(SolutionProperties) = preSolution
		HideSolutionNode = FALSE
	EndGlobalSection
	GlobalSection(ExtensibilityGlobals) = postSolution
		SolutionGuid = {C48E2CD5-D448-4192-B8D2-ADFB73DFB4CD}
	EndGlobalSection
EndGlobal
