
Microsoft Visual Studio Solution File, Format Version 12.00
# Visual Studio Version 17
VisualStudioVersion = 17.3.32922.545
MinimumVisualStudioVersion = 10.0.40219.1
Project("{FAE04EC0-301F-11D3-BF4B-00C04F79EFBC}") = "StringFormatNumber", "StringFormatNumber\StringFormatNumber.csproj", "{AECAFA1E-0141-4251-BDED-9ED800BA9A22}"
EndProject
Global
	GlobalSection(SolutionConfigurationPlatforms) = preSolution
		Debug|Any CPU = Debug|Any CPU
		Release|Any CPU = Release|Any CPU
	EndGlobalSection
	GlobalSection(ProjectConfigurationPlatforms) = postSolution
		{AECAFA1E-0141-4251-BDED-9ED800BA9A22}.Debug|Any CPU.ActiveCfg = Debug|Any CPU
		{AECAFA1E-0141-4251-BDED-9ED800BA9A22}.Debug|Any CPU.Build.0 = Debug|Any CPU
		{AECAFA1E-0141-4251-BDED-9ED800BA9A22}.Release|Any CPU.ActiveCfg = Release|Any CPU
		{AECAFA1E-0141-4251-BDED-9ED800BA9A22}.Release|Any CPU.Build.0 = Release|Any CPU
	EndGlobalSection
	GlobalSection(SolutionProperties) = preSolution
		HideSolutionNode = FALSE
	EndGlobalSection
	GlobalSection(ExtensibilityGlobals) = postSolution
		SolutionGuid = {09A6E704-218B-4B72-A945-43B37B65D660}
	EndGlobalSection
EndGlobal
