
Microsoft Visual Studio Solution File, Format Version 12.00
# Visual Studio Version 17
VisualStudioVersion = 17.3.32922.545
MinimumVisualStudioVersion = 10.0.40219.1
Project("{FAE04EC0-301F-11D3-BF4B-00C04F79EFBC}") = "NetCore.Web", "NetCore.Web\NetCore.Web.csproj", "{19250801-66D1-4394-8EF0-48018D724BA1}"
EndProject
Global
	GlobalSection(SolutionConfigurationPlatforms) = preSolution
		Debug|Any CPU = Debug|Any CPU
		Release|Any CPU = Release|Any CPU
	EndGlobalSection
	GlobalSection(ProjectConfigurationPlatforms) = postSolution
		{19250801-66D1-4394-8EF0-48018D724BA1}.Debug|Any CPU.ActiveCfg = Debug|Any CPU
		{19250801-66D1-4394-8EF0-48018D724BA1}.Debug|Any CPU.Build.0 = Debug|Any CPU
		{19250801-66D1-4394-8EF0-48018D724BA1}.Release|Any CPU.ActiveCfg = Release|Any CPU
		{19250801-66D1-4394-8EF0-48018D724BA1}.Release|Any CPU.Build.0 = Release|Any CPU
	EndGlobalSection
	GlobalSection(SolutionProperties) = preSolution
		HideSolutionNode = FALSE
	EndGlobalSection
	GlobalSection(ExtensibilityGlobals) = postSolution
		SolutionGuid = {438C69C6-3465-435B-B6A6-178D5DF36B31}
	EndGlobalSection
EndGlobal
