
Microsoft Visual Studio Solution File, Format Version 12.00
# Visual Studio Version 17
VisualStudioVersion = 17.3.32922.545
MinimumVisualStudioVersion = 10.0.40219.1
Project("{FAE04EC0-301F-11D3-BF4B-00C04F79EFBC}") = "IfElse", "IfElse\IfElse.csproj", "{D1ECA5D6-337A-434A-88D8-C51C5F504BA9}"
EndProject
Global
	GlobalSection(SolutionConfigurationPlatforms) = preSolution
		Debug|Any CPU = Debug|Any CPU
		Release|Any CPU = Release|Any CPU
	EndGlobalSection
	GlobalSection(ProjectConfigurationPlatforms) = postSolution
		{D1ECA5D6-337A-434A-88D8-C51C5F504BA9}.Debug|Any CPU.ActiveCfg = Debug|Any CPU
		{D1ECA5D6-337A-434A-88D8-C51C5F504BA9}.Debug|Any CPU.Build.0 = Debug|Any CPU
		{D1ECA5D6-337A-434A-88D8-C51C5F504BA9}.Release|Any CPU.ActiveCfg = Release|Any CPU
		{D1ECA5D6-337A-434A-88D8-C51C5F504BA9}.Release|Any CPU.Build.0 = Release|Any CPU
	EndGlobalSection
	GlobalSection(SolutionProperties) = preSolution
		HideSolutionNode = FALSE
	EndGlobalSection
	GlobalSection(ExtensibilityGlobals) = postSolution
		SolutionGuid = {874D3AE3-7738-41A8-A6F4-DAE8BE0DB35A}
	EndGlobalSection
EndGlobal
