
Microsoft Visual Studio Solution File, Format Version 12.00
# Visual Studio Version 17
VisualStudioVersion = 17.3.32922.545
MinimumVisualStudioVersion = 10.0.40219.1
Project("{FAE04EC0-301F-11D3-BF4B-00C04F79EFBC}") = "AssignmentOperator", "AssignmentOperator\AssignmentOperator.csproj", "{6C154E04-54B0-4157-B624-B4473AA09F58}"
EndProject
Global
	GlobalSection(SolutionConfigurationPlatforms) = preSolution
		Debug|Any CPU = Debug|Any CPU
		Release|Any CPU = Release|Any CPU
	EndGlobalSection
	GlobalSection(ProjectConfigurationPlatforms) = postSolution
		{6C154E04-54B0-4157-B624-B4473AA09F58}.Debug|Any CPU.ActiveCfg = Debug|Any CPU
		{6C154E04-54B0-4157-B624-B4473AA09F58}.Debug|Any CPU.Build.0 = Debug|Any CPU
		{6C154E04-54B0-4157-B624-B4473AA09F58}.Release|Any CPU.ActiveCfg = Release|Any CPU
		{6C154E04-54B0-4157-B624-B4473AA09F58}.Release|Any CPU.Build.0 = Release|Any CPU
	EndGlobalSection
	GlobalSection(SolutionProperties) = preSolution
		HideSolutionNode = FALSE
	EndGlobalSection
	GlobalSection(ExtensibilityGlobals) = postSolution
		SolutionGuid = {2967B960-B3DF-4EBE-97E7-48BBC2A4BF8F}
	EndGlobalSection
EndGlobal
