
Microsoft Visual Studio Solution File, Format Version 12.00
# Visual Studio Version 17
VisualStudioVersion = 17.3.32922.545
MinimumVisualStudioVersion = 10.0.40219.1
Project("{FAE04EC0-301F-11D3-BF4B-00C04F79EFBC}") = "Interface", "Interface\Interface.csproj", "{01194FA2-AF44-4020-BFA1-BE73AC3FABFD}"
EndProject
Global
	GlobalSection(SolutionConfigurationPlatforms) = preSolution
		Debug|Any CPU = Debug|Any CPU
		Release|Any CPU = Release|Any CPU
	EndGlobalSection
	GlobalSection(ProjectConfigurationPlatforms) = postSolution
		{01194FA2-AF44-4020-BFA1-BE73AC3FABFD}.Debug|Any CPU.ActiveCfg = Debug|Any CPU
		{01194FA2-AF44-4020-BFA1-BE73AC3FABFD}.Debug|Any CPU.Build.0 = Debug|Any CPU
		{01194FA2-AF44-4020-BFA1-BE73AC3FABFD}.Release|Any CPU.ActiveCfg = Release|Any CPU
		{01194FA2-AF44-4020-BFA1-BE73AC3FABFD}.Release|Any CPU.Build.0 = Release|Any CPU
	EndGlobalSection
	GlobalSection(SolutionProperties) = preSolution
		HideSolutionNode = FALSE
	EndGlobalSection
	GlobalSection(ExtensibilityGlobals) = postSolution
		SolutionGuid = {53750FDD-670C-4D9B-8017-8D9E937227E7}
	EndGlobalSection
EndGlobal
