
Microsoft Visual Studio Solution File, Format Version 12.00
# Visual Studio Version 17
VisualStudioVersion = 17.3.32922.545
MinimumVisualStudioVersion = 10.0.40219.1
Project("{FAE04EC0-301F-11D3-BF4B-00C04F79EFBC}") = "ReadonlyMethod", "ReadonlyMethod\ReadonlyMethod.csproj", "{0B49EE59-3A4B-421A-B90D-CB3C4D8670A2}"
EndProject
Global
	GlobalSection(SolutionConfigurationPlatforms) = preSolution
		Debug|Any CPU = Debug|Any CPU
		Release|Any CPU = Release|Any CPU
	EndGlobalSection
	GlobalSection(ProjectConfigurationPlatforms) = postSolution
		{0B49EE59-3A4B-421A-B90D-CB3C4D8670A2}.Debug|Any CPU.ActiveCfg = Debug|Any CPU
		{0B49EE59-3A4B-421A-B90D-CB3C4D8670A2}.Debug|Any CPU.Build.0 = Debug|Any CPU
		{0B49EE59-3A4B-421A-B90D-CB3C4D8670A2}.Release|Any CPU.ActiveCfg = Release|Any CPU
		{0B49EE59-3A4B-421A-B90D-CB3C4D8670A2}.Release|Any CPU.Build.0 = Release|Any CPU
	EndGlobalSection
	GlobalSection(SolutionProperties) = preSolution
		HideSolutionNode = FALSE
	EndGlobalSection
	GlobalSection(ExtensibilityGlobals) = postSolution
		SolutionGuid = {82B0BAB8-113C-495D-B408-CFDDE4EB9B7F}
	EndGlobalSection
EndGlobal
