
Microsoft Visual Studio Solution File, Format Version 12.00
# Visual Studio Version 17
VisualStudioVersion = 17.3.32922.545
MinimumVisualStudioVersion = 10.0.40219.1
Project("{FAE04EC0-301F-11D3-BF4B-00C04F79EFBC}") = "ForEach", "ForEach\ForEach.csproj", "{FEEA1E3D-19AC-4B12-8697-06BBFC6D34EB}"
EndProject
Global
	GlobalSection(SolutionConfigurationPlatforms) = preSolution
		Debug|Any CPU = Debug|Any CPU
		Release|Any CPU = Release|Any CPU
	EndGlobalSection
	GlobalSection(ProjectConfigurationPlatforms) = postSolution
		{FEEA1E3D-19AC-4B12-8697-06BBFC6D34EB}.Debug|Any CPU.ActiveCfg = Debug|Any CPU
		{FEEA1E3D-19AC-4B12-8697-06BBFC6D34EB}.Debug|Any CPU.Build.0 = Debug|Any CPU
		{FEEA1E3D-19AC-4B12-8697-06BBFC6D34EB}.Release|Any CPU.ActiveCfg = Release|Any CPU
		{FEEA1E3D-19AC-4B12-8697-06BBFC6D34EB}.Release|Any CPU.Build.0 = Release|Any CPU
	EndGlobalSection
	GlobalSection(SolutionProperties) = preSolution
		HideSolutionNode = FALSE
	EndGlobalSection
	GlobalSection(ExtensibilityGlobals) = postSolution
		SolutionGuid = {9B634C72-63B6-428A-8278-7123643EF8DD}
	EndGlobalSection
EndGlobal
